PODS:
  - Flutter (1.0.0)
  - flutter_vlc_player (3.0.3):
    - Flutter
    - MobileVLCKit (~> 3.6.1b1)
  - MobileVLCKit (3.6.1b1)
  - package_info_plus (0.4.5):
    - Flutter
  - screen_brightness_ios (0.1.0):
    - Flutter
  - wakelock_plus (0.0.1):
    - Flutter

DEPENDENCIES:
  - Flutter (from `Flutter`)
  - flutter_vlc_player (from `.symlinks/plugins/flutter_vlc_player/ios`)
  - package_info_plus (from `.symlinks/plugins/package_info_plus/ios`)
  - screen_brightness_ios (from `.symlinks/plugins/screen_brightness_ios/ios`)
  - wakelock_plus (from `.symlinks/plugins/wakelock_plus/ios`)

SPEC REPOS:
  trunk:
    - MobileVLCKit

EXTERNAL SOURCES:
  Flutter:
    :path: Flutter
  flutter_vlc_player:
    :path: ".symlinks/plugins/flutter_vlc_player/ios"
  package_info_plus:
    :path: ".symlinks/plugins/package_info_plus/ios"
  screen_brightness_ios:
    :path: ".symlinks/plugins/screen_brightness_ios/ios"
  wakelock_plus:
    :path: ".symlinks/plugins/wakelock_plus/ios"

SPEC CHECKSUMS:
  Flutter: e0871f40cf51350855a761d2e70bf5af5b9b5de7
  flutter_vlc_player: 1508e7989e41d11328e4fa4c9a1f188c7cf4cf7a
  MobileVLCKit: 2d9c7c373393ae43086aeeff890bf0b1afc15c5c
  package_info_plus: c0502532a26c7662a62a356cebe2692ec5fe4ec4
  screen_brightness_ios: 7437207a2a9bc56553aa10f782afecf830b4c4e2
  wakelock_plus: 76957ab028e12bfa4e66813c99e46637f367fc7e

PODFILE CHECKSUM: 4305caec6b40dde0ae97be1573c53de1882a07e5

COCOAPODS: 1.16.2
